{
  "name": "@opendating/protocol",
  "version": "0.1.0",
  "lockfileVersion": 3,
  "requires": true,
  "packages": {
    "": {
      "name": "@opendating/protocol",
      "version": "0.1.0",
      "license": "MIT",
      "dependencies": {
        "@noble/ciphers": "^2.2.0",
        "@noble/curves": "^1.6.0",
        "@noble/hashes": "^1.5.0"
      },
      "devDependencies": {
        "@types/node": "^26.1.2",
        "typescript": "^5.5.0"
      }
    },
    "node_modules/@noble/ciphers": {
      "version": "2.2.0",
      "resolved": "https://registry.npmjs.org/@noble/ciphers/-/ciphers-2.2.0.tgz",
      "integrity": "sha512-Z6pjIZ/8IJcCGzb2S/0Px5J81yij85xASuk1teLNeg75bfT07MV3a/O2Mtn1I2se43k3lkVEcFaR10N4cgQcZA==",
      "license": "MIT",
      "engines": {
        "node": ">= 20.19.0"
      },
      "funding": {
        "url": "https://paulmillr.com/funding/"
      }
    },
    "node_modules/@noble/curves": {
      "version": "1.9.7",
      "resolved": "https://registry.npmjs.org/@noble/curves/-/curves-1.9.7.tgz",
      "integrity": "sha512-gbKGcRUYIjA3/zCCNaWDciTMFI0dCkvou3TL8Zmy5Nc7sJ47a0jtOeZoTaMxkuqRo9cRhjOdZJXegxYE5FN/xw==",
      "license": "MIT",
      "dependencies": {
        "@noble/hashes": "1.8.0"
      },
      "engines": {
        "node": "^14.21.3 || >=16"
      },
      "funding": {
        "url": "https://paulmillr.com/funding/"
      }
    },
    "node_modules/@noble/hashes": {
      "version": "1.8.0",
      "resolved": "https://registry.npmjs.org/@noble/hashes/-/hashes-1.8.0.tgz",
      "integrity": "sha512-jCs9ldd7NwzpgXDIf6P3+NrHh9/sD6CQdxHyjQI+h/6rDNo88ypBxxz45UDuZHz9r3tNz7N/VInSVoVdtXEI4A==",
      "license": "MIT",
      "engines": {
        "node": "^14.21.3 || >=16"
      },
      "funding": {
        "url": "https://paulmillr.com/funding/"
      }
    },
    "node_modules/@types/node": {
      "version": "26.1.2",
      "resolved": "https://registry.npmjs.org/@types/node/-/node-26.1.2.tgz",
      "integrity": "sha512-Vu4a5UFA9rIIFJ7rB/Vaafh9lrCQszopTCx6KjFboXTGQbPNasehVR5TEiithSDGyd1DEiUByggTZsg8jukeIg==",
      "dev": true,
      "license": "MIT",
      "dependencies": {
        "undici-types": "~8.3.0"
      }
    },
    "node_modules/typescript": {
      "version": "5.9.3",
      "resolved": "https://registry.npmjs.org/typescript/-/typescript-5.9.3.tgz",
      "integrity": "sha512-jl1vZzPDinLr9eUt3J/t7V6FgNEw9QjvBPdysz9KfQDD41fQrC2Y4vKQdiaUpFT4bXlb1RHhLpp8wtm6M5TgSw==",
      "dev": true,
      "license": "Apache-2.0",
      "bin": {
        "tsc": "bin/tsc",
        "tsserver": "bin/tsserver"
      },
      "engines": {
        "node": ">=14.17"
      }
    },
    "node_modules/undici-types": {
      "version": "8.3.0",
      "resolved": "https://registry.npmjs.org/undici-types/-/undici-types-8.3.0.tgz",
      "integrity": "sha512-j375ScV60dom+YkPFIfTLcOiPxkN/buHz5GobjLhixFuANaNs3C9l4GmrWqejgXWJ7BbJcFYpTEUkS1Ge8bpZQ==",
      "dev": true,
      "license": "MIT"
    }
  }
}
